
Microsoft Visual Studio Solution File, Format Version 12.00
# Visual Studio 15
VisualStudioVersion = 15.0.27130.2010
MinimumVisualStudioVersion = 10.0.40219.1
Project("{FAE04EC0-301F-11D3-BF4B-00C04F79EFBC}") = "section2(working)", "section2(working)\section2(working).csproj", "{8157D069-EA17-4504-9CC4-07304E7A9DFE}"
EndProject
Global
	GlobalSection(SolutionConfigurationPlatforms) = preSolution
		Debug|Any CPU = Debug|Any CPU
		Release|Any CPU = Release|Any CPU
	EndGlobalSection
	GlobalSection(ProjectConfigurationPlatforms) = postSolution
		{8157D069-EA17-4504-9CC4-07304E7A9DFE}.Debug|Any CPU.ActiveCfg = Debug|Any CPU
		{8157D069-EA17-4504-9CC4-07304E7A9DFE}.Debug|Any CPU.Build.0 = Debug|Any CPU
		{8157D069-EA17-4504-9CC4-07304E7A9DFE}.Release|Any CPU.ActiveCfg = Release|Any CPU
		{8157D069-EA17-4504-9CC4-07304E7A9DFE}.Release|Any CPU.Build.0 = Release|Any CPU
	EndGlobalSection
	GlobalSection(SolutionProperties) = preSolution
		HideSolutionNode = FALSE
	EndGlobalSection
	GlobalSection(ExtensibilityGlobals) = postSolution
		SolutionGuid = {A3029C9F-8E86-4ACC-9FF3-9EA6C423A89A}
	EndGlobalSection
EndGlobal
