
Microsoft Visual Studio Solution File, Format Version 12.00
# Visual Studio 15
VisualStudioVersion = 15.0.27130.2010
MinimumVisualStudioVersion = 10.0.40219.1
Project("{FAE04EC0-301F-11D3-BF4B-00C04F79EFBC}") = "Nile.Windows", "Nile.Windows\Nile.Windows.csproj", "{564C6222-266E-4CD6-A438-7171D5862571}"
EndProject
Project("{FAE04EC0-301F-11D3-BF4B-00C04F79EFBC}") = "Nile", "Nile\Nile.csproj", "{D911C37B-47A9-4794-9383-73DC6663BA33}"
EndProject
Project("{FAE04EC0-301F-11D3-BF4B-00C04F79EFBC}") = "HelloWorld", "..\HelloWorld\HelloWorld\HelloWorld.csproj", "{859CC735-3CD8-452F-8D2F-6077B9332066}"
EndProject
Global
	GlobalSection(SolutionConfigurationPlatforms) = preSolution
		Debug|Any CPU = Debug|Any CPU
		Release|Any CPU = Release|Any CPU
	EndGlobalSection
	GlobalSection(ProjectConfigurationPlatforms) = postSolution
		{564C6222-266E-4CD6-A438-7171D5862571}.Debug|Any CPU.ActiveCfg = Debug|Any CPU
		{564C6222-266E-4CD6-A438-7171D5862571}.Debug|Any CPU.Build.0 = Debug|Any CPU
		{564C6222-266E-4CD6-A438-7171D5862571}.Release|Any CPU.ActiveCfg = Release|Any CPU
		{564C6222-266E-4CD6-A438-7171D5862571}.Release|Any CPU.Build.0 = Release|Any CPU
		{D911C37B-47A9-4794-9383-73DC6663BA33}.Debug|Any CPU.ActiveCfg = Debug|Any CPU
		{D911C37B-47A9-4794-9383-73DC6663BA33}.Debug|Any CPU.Build.0 = Debug|Any CPU
		{D911C37B-47A9-4794-9383-73DC6663BA33}.Release|Any CPU.ActiveCfg = Release|Any CPU
		{D911C37B-47A9-4794-9383-73DC6663BA33}.Release|Any CPU.Build.0 = Release|Any CPU
		{859CC735-3CD8-452F-8D2F-6077B9332066}.Debug|Any CPU.ActiveCfg = Debug|Any CPU
		{859CC735-3CD8-452F-8D2F-6077B9332066}.Debug|Any CPU.Build.0 = Debug|Any CPU
		{859CC735-3CD8-452F-8D2F-6077B9332066}.Release|Any CPU.ActiveCfg = Release|Any CPU
		{859CC735-3CD8-452F-8D2F-6077B9332066}.Release|Any CPU.Build.0 = Release|Any CPU
	EndGlobalSection
	GlobalSection(SolutionProperties) = preSolution
		HideSolutionNode = FALSE
	EndGlobalSection
	GlobalSection(ExtensibilityGlobals) = postSolution
		SolutionGuid = {513D90A8-B253-47A7-AA02-0F814748CACE}
	EndGlobalSection
EndGlobal
