
Microsoft Visual Studio Solution File, Format Version 12.00
# Visual Studio 15
VisualStudioVersion = 15.0.27130.2010
MinimumVisualStudioVersion = 10.0.40219.1
Project("{FAE04EC0-301F-11D3-BF4B-00C04F79EFBC}") = "ClassLibrary1", "ClassLibrary1\ClassLibrary1.csproj", "{B3894045-AF5B-46E7-AECC-8BC15F751CD2}"
EndProject
Project("{FAE04EC0-301F-11D3-BF4B-00C04F79EFBC}") = "ClassLibrary2", "ClassLibrary2\ClassLibrary2.csproj", "{1C3F4B1F-AB26-4A19-A19A-3C8635FAFBA2}"
EndProject
Global
	GlobalSection(SolutionConfigurationPlatforms) = preSolution
		Debug|Any CPU = Debug|Any CPU
		Release|Any CPU = Release|Any CPU
	EndGlobalSection
	GlobalSection(ProjectConfigurationPlatforms) = postSolution
		{B3894045-AF5B-46E7-AECC-8BC15F751CD2}.Debug|Any CPU.ActiveCfg = Debug|Any CPU
		{B3894045-AF5B-46E7-AECC-8BC15F751CD2}.Debug|Any CPU.Build.0 = Debug|Any CPU
		{B3894045-AF5B-46E7-AECC-8BC15F751CD2}.Release|Any CPU.ActiveCfg = Release|Any CPU
		{B3894045-AF5B-46E7-AECC-8BC15F751CD2}.Release|Any CPU.Build.0 = Release|Any CPU
		{1C3F4B1F-AB26-4A19-A19A-3C8635FAFBA2}.Debug|Any CPU.ActiveCfg = Debug|Any CPU
		{1C3F4B1F-AB26-4A19-A19A-3C8635FAFBA2}.Debug|Any CPU.Build.0 = Debug|Any CPU
		{1C3F4B1F-AB26-4A19-A19A-3C8635FAFBA2}.Release|Any CPU.ActiveCfg = Release|Any CPU
		{1C3F4B1F-AB26-4A19-A19A-3C8635FAFBA2}.Release|Any CPU.Build.0 = Release|Any CPU
	EndGlobalSection
	GlobalSection(SolutionProperties) = preSolution
		HideSolutionNode = FALSE
	EndGlobalSection
	GlobalSection(ExtensibilityGlobals) = postSolution
		SolutionGuid = {B184E525-C77F-47AC-8989-47CCB0E27F3D}
	EndGlobalSection
EndGlobal
